<Solution>
  <Folder Name="/Common/">
    <Project Path="../Core.Resolver/src/Topelab.Core.Resolver.Microsoft/Topelab.Core.Resolver.Microsoft.csproj" />
    <Project Path="../Core.Resolver/src/Topelab.Core.Resolver.Unity/Topelab.Core.Resolver.Unity.csproj" />
    <Project Path="../Core.Resolver/src/Topelab.Core.Resolver/Topelab.Core.Resolver.csproj" />
    <Project Path="Contracts/Contracts.csproj" />
    <Project Path="Shared/Shared.csproj" />
  </Folder>
  <Folder Name="/Tools/">
    <Project Path="CreateRelationsDiagram/CreateRelationsDiagram.csproj" />
    <Project Path="ProjectRelations2026/ProjectRelations2026.csproj" />
    <Project Path="RunCustomTool/RunCustomTool.csproj" />
    <Project Path="UpdateVersion/UpdateVersion.csproj" />
  </Folder>
  <Folder Name="/_Info/">
    <File Path=".editorconfig" />
    <File Path="changes.md" />
    <File Path="Directory.Packages.props" />
    <File Path="Directory.Build.props" />
    <File Path="inverso.mmd" />
    <File Path="LICENSE.txt" />
    <File Path="README.md" />
    <File Path="sample.mmd" />
  </Folder>
</Solution>
