Microsoft Visual Studio Solution File, Format Version 12.00
# Visual Studio Version 17
VisualStudioVersion = 17.5.33530.505
MinimumVisualStudioVersion = 10.0.40219.1
Project("{9A19103F-16F7-4668-BE54-9A1E7A4F7556}") = "UpdateVersion", "UpdateVersion\UpdateVersion.csproj", "{394FA13B-FB12-4F58-B50D-4518F82A6A59}"
EndProject
Project("{2150E333-8FDC-42A3-9474-1A3956D46DE8}") = "_Info", "_Info", "{93CC1C7E-03A4-4E79-867B-6950FA228E0B}"
	ProjectSection(SolutionItems) = preProject
		.editorconfig = .editorconfig
		LICENSE.txt = LICENSE.txt
		README.md = README.md
		version.txt = version.txt
	EndProjectSection
EndProject
Project("{2150E333-8FDC-42A3-9474-1A3956D46DE8}") = "Tools", "Tools", "{271BAA8B-694B-4380-9811-6602077011C8}"
EndProject
Project("{2150E333-8FDC-42A3-9474-1A3956D46DE8}") = "SampleProjects", "SampleProjects", "{58853223-5F0B-48E5-A678-B825D52CB7A8}"
EndProject
Project("{FAE04EC0-301F-11D3-BF4B-00C04F79EFBC}") = "RunCustomTool", "RunCustomTool\RunCustomTool.csproj", "{BC8B6464-9E3C-4DCE-B44D-84EA14236A52}"
EndProject
Project("{FAE04EC0-301F-11D3-BF4B-00C04F79EFBC}") = "CreateRelationsDiagram", "CreateRelationsDiagram\CreateRelationsDiagram.csproj", "{33EF928E-D39A-4CDB-B36F-39F73BFBC01B}"
EndProject
Project("{FAE04EC0-301F-11D3-BF4B-00C04F79EFBC}") = "Contracts", "Contracts\Contracts.csproj", "{CCFB33F2-30DF-461D-8F8F-5A33D979C630}"
EndProject
Project("{FAE04EC0-301F-11D3-BF4B-00C04F79EFBC}") = "Shared", "Shared\Shared.csproj", "{2E78AB02-8D17-448C-B340-D783841CBD63}"
EndProject
Global
	GlobalSection(SolutionConfigurationPlatforms) = preSolution
		Debug|Any CPU = Debug|Any CPU
		Release|Any CPU = Release|Any CPU
	EndGlobalSection
	GlobalSection(ProjectConfigurationPlatforms) = postSolution
		{394FA13B-FB12-4F58-B50D-4518F82A6A59}.Debug|Any CPU.ActiveCfg = Debug|Any CPU
		{394FA13B-FB12-4F58-B50D-4518F82A6A59}.Debug|Any CPU.Build.0 = Debug|Any CPU
		{394FA13B-FB12-4F58-B50D-4518F82A6A59}.Release|Any CPU.ActiveCfg = Release|Any CPU
		{394FA13B-FB12-4F58-B50D-4518F82A6A59}.Release|Any CPU.Build.0 = Release|Any CPU
		{BC8B6464-9E3C-4DCE-B44D-84EA14236A52}.Debug|Any CPU.ActiveCfg = Debug|Any CPU
		{BC8B6464-9E3C-4DCE-B44D-84EA14236A52}.Debug|Any CPU.Build.0 = Debug|Any CPU
		{BC8B6464-9E3C-4DCE-B44D-84EA14236A52}.Release|Any CPU.ActiveCfg = Release|Any CPU
		{BC8B6464-9E3C-4DCE-B44D-84EA14236A52}.Release|Any CPU.Build.0 = Release|Any CPU
		{33EF928E-D39A-4CDB-B36F-39F73BFBC01B}.Debug|Any CPU.ActiveCfg = Debug|Any CPU
		{33EF928E-D39A-4CDB-B36F-39F73BFBC01B}.Debug|Any CPU.Build.0 = Debug|Any CPU
		{33EF928E-D39A-4CDB-B36F-39F73BFBC01B}.Release|Any CPU.ActiveCfg = Release|Any CPU
		{33EF928E-D39A-4CDB-B36F-39F73BFBC01B}.Release|Any CPU.Build.0 = Release|Any CPU
		{CCFB33F2-30DF-461D-8F8F-5A33D979C630}.Debug|Any CPU.ActiveCfg = Debug|Any CPU
		{CCFB33F2-30DF-461D-8F8F-5A33D979C630}.Debug|Any CPU.Build.0 = Debug|Any CPU
		{CCFB33F2-30DF-461D-8F8F-5A33D979C630}.Release|Any CPU.ActiveCfg = Release|Any CPU
		{CCFB33F2-30DF-461D-8F8F-5A33D979C630}.Release|Any CPU.Build.0 = Release|Any CPU
		{2E78AB02-8D17-448C-B340-D783841CBD63}.Debug|Any CPU.ActiveCfg = Debug|Any CPU
		{2E78AB02-8D17-448C-B340-D783841CBD63}.Debug|Any CPU.Build.0 = Debug|Any CPU
		{2E78AB02-8D17-448C-B340-D783841CBD63}.Release|Any CPU.ActiveCfg = Release|Any CPU
		{2E78AB02-8D17-448C-B340-D783841CBD63}.Release|Any CPU.Build.0 = Release|Any CPU
	EndGlobalSection
	GlobalSection(SolutionProperties) = preSolution
		HideSolutionNode = FALSE
	EndGlobalSection
	GlobalSection(NestedProjects) = preSolution
		{394FA13B-FB12-4F58-B50D-4518F82A6A59} = {271BAA8B-694B-4380-9811-6602077011C8}
		{BC8B6464-9E3C-4DCE-B44D-84EA14236A52} = {271BAA8B-694B-4380-9811-6602077011C8}
		{33EF928E-D39A-4CDB-B36F-39F73BFBC01B} = {271BAA8B-694B-4380-9811-6602077011C8}
	EndGlobalSection
	GlobalSection(ExtensibilityGlobals) = postSolution
		SolutionGuid = {C1810B80-0021-4211-A64B-8118D9AC27BD}
	EndGlobalSection
EndGlobal
